
Microsoft Visual Studio Solution File, Format Version 12.00
# Visual Studio Version 17
VisualStudioVersion = 17.5.33627.172
MinimumVisualStudioVersion = 10.0.40219.1
Project("{FAE04EC0-301F-11D3-BF4B-00C04F79EFBC}") = "Screen Sound", "Screen Sound\Screen Sound.csproj", "{55755F8D-ABAC-42C7-8A5F-3D8CA23F8B65}"
EndProject
Global
	GlobalSection(SolutionConfigurationPlatforms) = preSolution
		Debug|Any CPU = Debug|Any CPU
		Release|Any CPU = Release|Any CPU
	EndGlobalSection
	GlobalSection(ProjectConfigurationPlatforms) = postSolution
		{55755F8D-ABAC-42C7-8A5F-3D8CA23F8B65}.Debug|Any CPU.ActiveCfg = Debug|Any CPU
		{55755F8D-ABAC-42C7-8A5F-3D8CA23F8B65}.Debug|Any CPU.Build.0 = Debug|Any CPU
		{55755F8D-ABAC-42C7-8A5F-3D8CA23F8B65}.Release|Any CPU.ActiveCfg = Release|Any CPU
		{55755F8D-ABAC-42C7-8A5F-3D8CA23F8B65}.Release|Any CPU.Build.0 = Release|Any CPU
	EndGlobalSection
	GlobalSection(SolutionProperties) = preSolution
		HideSolutionNode = FALSE
	EndGlobalSection
	GlobalSection(ExtensibilityGlobals) = postSolution
		SolutionGuid = {EDC193AA-472F-4E36-ADB7-79293820460C}
	EndGlobalSection
EndGlobal
